version: 2.0
shards:
  ameba:
    git: https://github.com/crystal-ameba/ameba.git
    version: 0.12.1

  commander:
    git: https://github.com/mrrooijen/commander.git
    version: 0.3.5

  icr:
    git: https://github.com/crystal-community/icr.git
    version: 0.7.0+git.commit.7da354f5c0a356aee77e68fc63c87e2ad35da7fb

  readline:
    git: https://github.com/crystal-lang/crystal-readline.git
    version: 0.1.0+git.commit.0fb7d186da8e1b157998d98d1c96e99699b791eb

  tallboy:
    git: https://github.com/epoch/tallboy.git
    version: 0.9.2+git.commit.694a92e65d531a17e1490e4ccdda07579268f613

